
Microsoft Visual Studio Solution File, Format Version 12.00
# Visual Studio Version 17
VisualStudioVersion = 17.14.36414.22
MinimumVisualStudioVersion = 10.0.40219.1
Project("{FAE04EC0-301F-11D3-BF4B-00C04F79EFBC}") = "Impot_Simulateur", "MauiApp2\Impot_Simulateur.csproj", "{778193C3-35E3-48D0-9CD3-B3765D8D3CCA}"
EndProject
Global
	GlobalSection(SolutionConfigurationPlatforms) = preSolution
		Debug|Any CPU = Debug|Any CPU
		Release|Any CPU = Release|Any CPU
	EndGlobalSection
	GlobalSection(ProjectConfigurationPlatforms) = postSolution
		{778193C3-35E3-48D0-9CD3-B3765D8D3CCA}.Debug|Any CPU.ActiveCfg = Debug|Any CPU
		{778193C3-35E3-48D0-9CD3-B3765D8D3CCA}.Debug|Any CPU.Build.0 = Debug|Any CPU
		{778193C3-35E3-48D0-9CD3-B3765D8D3CCA}.Release|Any CPU.ActiveCfg = Release|Any CPU
		{778193C3-35E3-48D0-9CD3-B3765D8D3CCA}.Release|Any CPU.Build.0 = Release|Any CPU
	EndGlobalSection
	GlobalSection(SolutionProperties) = preSolution
		HideSolutionNode = FALSE
	EndGlobalSection
	GlobalSection(ExtensibilityGlobals) = postSolution
		SolutionGuid = {D7AEB2C2-D8D2-4B90-837B-BEB777AB1794}
	EndGlobalSection
EndGlobal
